# This file is automatically @generated by Cargo.
# It is not intended for manual editing.
version = 3

[[package]]
name = "autocfg"
version = "1.0.1"
source = "registry+https://github.com/rust-lang/crates.io-index"
checksum = "cdb031dd78e28731d87d56cc8ffef4a8f36ca26c38fe2de700543e627f8a464a"

[[package]]
name = "base16ct"
version = "0.1.1"
source = "registry+https://github.com/rust-lang/crates.io-index"
checksum = "349a06037c7bf932dd7e7d1f653678b2038b9ad46a74102f1fc7bd7872678cce"

[[package]]
name = "base64"
version = "0.13.0"
source = "registry+https://github.com/rust-lang/crates.io-index"
checksum = "904dfeac50f3cdaba28fc6f57fdcddb75f49ed61346676a78c4ffe55877802fd"

[[package]]
name = "base64ct"
version = "1.5.0"
source = "registry+https://github.com/rust-lang/crates.io-index"
checksum = "dea908e7347a8c64e378c17e30ef880ad73e3b4498346b055c2c00ea342f3179"

[[package]]
name = "block-buffer"
version = "0.9.0"
source = "registry+https://github.com/rust-lang/crates.io-index"
checksum = "4152116fd6e9dadb291ae18fc1ec3575ed6d84c29642d97890f4b4a3417297e4"
dependencies = [
 "generic-array",
]

[[package]]
name = "byteorder"
version = "1.4.3"
source = "registry+https://github.com/rust-lang/crates.io-index"
checksum = "14c189c53d098945499cdfa7ecc63567cf3886b3332b312a5b4585d8d3a6a610"

[[package]]
name = "bytes"
version = "1.0.1"
source = "registry+https://github.com/rust-lang/crates.io-index"
checksum = "b700ce4376041dcd0a327fd0097c41095743c4c8af8887265942faf1100bd040"

[[package]]
name = "cfg-if"
version = "0.1.10"
source = "registry+https://github.com/rust-lang/crates.io-index"
checksum = "4785bdd1c96b2a846b2bd7cc02e86b6b3dbf14e7e53446c4f54c92a361040822"

[[package]]
name = "cfg-if"
version = "1.0.0"
source = "registry+https://github.com/rust-lang/crates.io-index"
checksum = "baf1de4339761588bc0619e3cbc0120ee582ebb74b53b4efbf79117bd2da40fd"

[[package]]
name = "const-oid"
version = "0.7.1"
source = "registry+https://github.com/rust-lang/crates.io-index"
checksum = "e4c78c047431fee22c1a7bb92e00ad095a02a983affe4d8a72e2a2c62c1b94f3"

[[package]]
name = "cosmwasm-crypto"
version = "1.0.0"
source = "registry+https://github.com/rust-lang/crates.io-index"
checksum = "5eb0afef2325df81aadbf9be1233f522ed8f6e91df870c764bc44cca2b1415bd"
dependencies = [
 "digest",
 "ed25519-zebra",
 "k256",
 "rand_core 0.6.3",
 "thiserror",
]

[[package]]
name = "cosmwasm-derive"
version = "1.0.0"
source = "registry+https://github.com/rust-lang/crates.io-index"
checksum = "4b36e527620a2a3e00e46b6e731ab6c9b68d11069c986f7d7be8eba79ef081a4"
dependencies = [
 "syn",
]

[[package]]
name = "cosmwasm-schema"
version = "1.0.0"
source = "registry+https://github.com/rust-lang/crates.io-index"
checksum = "772e80bbad231a47a2068812b723a1ff81dd4a0d56c9391ac748177bea3a61da"
dependencies = [
 "schemars",
 "serde_json",
]

[[package]]
name = "cosmwasm-std"
version = "1.0.0"
source = "registry+https://github.com/rust-lang/crates.io-index"
checksum = "875994993c2082a6fcd406937bf0fca21c349e4a624f3810253a14fa83a3a195"
dependencies = [
 "base64",
 "cosmwasm-crypto",
 "cosmwasm-derive",
 "forward_ref",
 "schemars",
 "serde",
 "serde-json-wasm",
 "thiserror",
 "uint",
]

[[package]]
name = "cosmwasm-storage"
version = "1.0.0"
source = "registry+https://github.com/rust-lang/crates.io-index"
checksum = "d18403b07304d15d304dad11040d45bbcaf78d603b4be3fb5e2685c16f9229b5"
dependencies = [
 "cosmwasm-std",
 "serde",
]

[[package]]
name = "cpuid-bool"
version = "0.1.2"
source = "registry+https://github.com/rust-lang/crates.io-index"
checksum = "8aebca1129a03dc6dc2b127edd729435bbc4a37e1d5f4d7513165089ceb02634"

[[package]]
name = "crunchy"
version = "0.2.2"
source = "registry+https://github.com/rust-lang/crates.io-index"
checksum = "7a81dae078cea95a014a339291cec439d2f232ebe854a9d672b796c6afafa9b7"

[[package]]
name = "crypto-bigint"
version = "0.3.2"
source = "registry+https://github.com/rust-lang/crates.io-index"
checksum = "03c6a1d5fa1de37e071642dfa44ec552ca5b299adb128fab16138e24b548fd21"
dependencies = [
 "generic-array",
 "rand_core 0.6.3",
 "subtle",
 "zeroize",
]

[[package]]
name = "crypto-mac"
version = "0.11.1"
source = "registry+https://github.com/rust-lang/crates.io-index"
checksum = "b1d1a86f49236c215f271d40892d5fc950490551400b02ef360692c29815c714"
dependencies = [
 "generic-array",
 "subtle",
]

[[package]]
name = "curve25519-dalek"
version = "3.1.0"
source = "registry+https://github.com/rust-lang/crates.io-index"
checksum = "639891fde0dbea823fc3d798a0fdf9d2f9440a42d64a78ab3488b0ca025117b3"
dependencies = [
 "byteorder",
 "digest",
 "rand_core 0.5.1",
 "subtle",
 "zeroize",
]

[[package]]
name = "cw-storage-plus"
version = "0.13.4"
source = "registry+https://github.com/rust-lang/crates.io-index"
checksum = "648b1507290bbc03a8d88463d7cd9b04b1fa0155e5eef366c4fa052b9caaac7a"
dependencies = [
 "cosmwasm-std",
 "schemars",
 "serde",
]

[[package]]
name = "cw-utils"
version = "0.13.4"
source = "registry+https://github.com/rust-lang/crates.io-index"
checksum = "9dbaecb78c8e8abfd6b4258c7f4fbeb5c49a5e45ee4d910d3240ee8e1d714e1b"
dependencies = [
 "cosmwasm-std",
 "schemars",
 "serde",
 "thiserror",
]

[[package]]
name = "cw0"
version = "0.10.3"
source = "registry+https://github.com/rust-lang/crates.io-index"
checksum = "8ae676b6cced78a3d38ad4b01ab4ed66fc78ac191c3c0d6bfd5372cb2efd473b"
dependencies = [
 "cosmwasm-std",
 "schemars",
 "serde",
 "thiserror",
]

[[package]]
name = "cw2"
version = "0.13.4"
source = "registry+https://github.com/rust-lang/crates.io-index"
checksum = "04cf4639517490dd36b333bbd6c4fbd92e325fd0acf4683b41753bc5eb63bfc1"
dependencies = [
 "cosmwasm-std",
 "cw-storage-plus",
 "schemars",
 "serde",
]

[[package]]
name = "cw20"
version = "0.13.4"
source = "registry+https://github.com/rust-lang/crates.io-index"
checksum = "4cb782b8f110819a4eb5dbbcfed25ffba49ec16bbe32b4ad8da50a5ce68fec05"
dependencies = [
 "cosmwasm-std",
 "cw-utils",
 "schemars",
 "serde",
]

[[package]]
name = "cw20-base"
version = "0.13.2"
source = "registry+https://github.com/rust-lang/crates.io-index"
checksum = "3b370e5fb6b35db58cabd7903b8f9bd4c3bcff701c63bf1a7185a84e60bfa502"
dependencies = [
 "cosmwasm-std",
 "cw-storage-plus",
 "cw-utils",
 "cw2",
 "cw20",
 "schemars",
 "serde",
 "thiserror",
]

[[package]]
name = "der"
version = "0.5.1"
source = "registry+https://github.com/rust-lang/crates.io-index"
checksum = "6919815d73839e7ad218de758883aae3a257ba6759ce7a9992501efbb53d705c"
dependencies = [
 "const-oid",
]

[[package]]
name = "digest"
version = "0.9.0"
source = "registry+https://github.com/rust-lang/crates.io-index"
checksum = "d3dd60d1080a57a05ab032377049e0591415d2b31afd7028356dbf3cc6dcb066"
dependencies = [
 "generic-array",
]

[[package]]
name = "dyn-clone"
version = "1.0.4"
source = "registry+https://github.com/rust-lang/crates.io-index"
checksum = "ee2626afccd7561a06cf1367e2950c4718ea04565e20fb5029b6c7d8ad09abcf"

[[package]]
name = "ecdsa"
version = "0.13.4"
source = "registry+https://github.com/rust-lang/crates.io-index"
checksum = "d0d69ae62e0ce582d56380743515fefaf1a8c70cec685d9677636d7e30ae9dc9"
dependencies = [
 "der",
 "elliptic-curve",
 "rfc6979",
 "signature",
]

[[package]]
name = "ed25519-zebra"
version = "3.0.0"
source = "registry+https://github.com/rust-lang/crates.io-index"
checksum = "403ef3e961ab98f0ba902771d29f842058578bb1ce7e3c59dad5a6a93e784c69"
dependencies = [
 "curve25519-dalek",
 "hex",
 "rand_core 0.6.3",
 "serde",
 "sha2",
 "thiserror",
 "zeroize",
]

[[package]]
name = "elliptic-curve"
version = "0.11.12"
source = "registry+https://github.com/rust-lang/crates.io-index"
checksum = "25b477563c2bfed38a3b7a60964c49e058b2510ad3f12ba3483fd8f62c2306d6"
dependencies = [
 "base16ct",
 "crypto-bigint",
 "der",
 "ff",
 "generic-array",
 "group",
 "rand_core 0.6.3",
 "sec1",
 "subtle",
 "zeroize",
]

[[package]]
name = "ff"
version = "0.11.1"
source = "registry+https://github.com/rust-lang/crates.io-index"
checksum = "131655483be284720a17d74ff97592b8e76576dc25563148601df2d7c9080924"
dependencies = [
 "rand_core 0.6.3",
 "subtle",
]

[[package]]
name = "forward_ref"
version = "1.0.0"
source = "registry+https://github.com/rust-lang/crates.io-index"
checksum = "c8cbd1169bd7b4a0a20d92b9af7a7e0422888bd38a6f5ec29c1fd8c1558a272e"

[[package]]
name = "generic-array"
version = "0.14.4"
source = "registry+https://github.com/rust-lang/crates.io-index"
checksum = "501466ecc8a30d1d3b7fc9229b122b2ce8ed6e9d9223f1138d4babb253e51817"
dependencies = [
 "typenum",
 "version_check",
]

[[package]]
name = "getrandom"
version = "0.1.16"
source = "registry+https://github.com/rust-lang/crates.io-index"
checksum = "8fc3cb4d91f53b50155bdcfd23f6a4c39ae1969c2ae85982b135750cccaf5fce"
dependencies = [
 "cfg-if 1.0.0",
 "libc",
 "wasi 0.9.0+wasi-snapshot-preview1",
]

[[package]]
name = "getrandom"
version = "0.2.3"
source = "registry+https://github.com/rust-lang/crates.io-index"
checksum = "7fcd999463524c52659517fe2cea98493cfe485d10565e7b0fb07dbba7ad2753"
dependencies = [
 "cfg-if 1.0.0",
 "libc",
 "wasi 0.10.2+wasi-snapshot-preview1",
]

[[package]]
name = "group"
version = "0.11.0"
source = "registry+https://github.com/rust-lang/crates.io-index"
checksum = "bc5ac374b108929de78460075f3dc439fa66df9d8fc77e8f12caa5165fcf0c89"
dependencies = [
 "ff",
 "rand_core 0.6.3",
 "subtle",
]

[[package]]
name = "hex"
version = "0.4.2"
source = "registry+https://github.com/rust-lang/crates.io-index"
checksum = "644f9158b2f133fd50f5fb3242878846d9eb792e445c893805ff0e3824006e35"

[[package]]
name = "hmac"
version = "0.11.0"
source = "registry+https://github.com/rust-lang/crates.io-index"
checksum = "2a2a2320eb7ec0ebe8da8f744d7812d9fc4cb4d09344ac01898dbcb6a20ae69b"
dependencies = [
 "crypto-mac",
 "digest",
]

[[package]]
name = "integer-sqrt"
version = "0.1.5"
source = "registry+https://github.com/rust-lang/crates.io-index"
checksum = "276ec31bcb4a9ee45f58bec6f9ec700ae4cf4f4f8f2fa7e06cb406bd5ffdd770"
dependencies = [
 "num-traits",
]

[[package]]
name = "itoa"
version = "0.4.6"
source = "registry+https://github.com/rust-lang/crates.io-index"
checksum = "dc6f3ad7b9d11a0c00842ff8de1b60ee58661048eb8049ed33c73594f359d7e6"

[[package]]
name = "k256"
version = "0.10.4"
source = "registry+https://github.com/rust-lang/crates.io-index"
checksum = "19c3a5e0a0b8450278feda242592512e09f61c72e018b8cd5c859482802daf2d"
dependencies = [
 "cfg-if 1.0.0",
 "ecdsa",
 "elliptic-curve",
 "sec1",
 "sha2",
]

[[package]]
name = "libc"
version = "0.2.78"
source = "registry+https://github.com/rust-lang/crates.io-index"
checksum = "aa7087f49d294270db4e1928fc110c976cd4b9e5a16348e0a1df09afa99e6c98"

[[package]]
name = "num-traits"
version = "0.2.12"
source = "registry+https://github.com/rust-lang/crates.io-index"
checksum = "ac267bcc07f48ee5f8935ab0d24f316fb722d7a1292e2913f0cc196b29ffd611"
dependencies = [
 "autocfg",
]

[[package]]
name = "opaque-debug"
version = "0.3.0"
source = "registry+https://github.com/rust-lang/crates.io-index"
checksum = "624a8340c38c1b80fd549087862da4ba43e08858af025b236e509b6649fc13d5"

[[package]]
name = "pkcs8"
version = "0.8.0"
source = "registry+https://github.com/rust-lang/crates.io-index"
checksum = "7cabda3fb821068a9a4fab19a683eac3af12edf0f34b94a8be53c4972b8149d0"
dependencies = [
 "der",
 "spki",
 "zeroize",
]

[[package]]
name = "proc-macro2"
version = "1.0.24"
source = "registry+https://github.com/rust-lang/crates.io-index"
checksum = "1e0704ee1a7e00d7bb417d0770ea303c1bccbabf0ef1667dae92b5967f5f8a71"
dependencies = [
 "unicode-xid",
]

[[package]]
name = "protobuf"
version = "2.23.0"
source = "registry+https://github.com/rust-lang/crates.io-index"
checksum = "45604fc7a88158e7d514d8e22e14ac746081e7a70d7690074dd0029ee37458d6"
dependencies = [
 "bytes",
]

[[package]]
name = "quote"
version = "1.0.7"
source = "registry+https://github.com/rust-lang/crates.io-index"
checksum = "aa563d17ecb180e500da1cfd2b028310ac758de548efdd203e18f283af693f37"
dependencies = [
 "proc-macro2",
]

[[package]]
name = "rand_core"
version = "0.5.1"
source = "registry+https://github.com/rust-lang/crates.io-index"
checksum = "90bde5296fc891b0cef12a6d03ddccc162ce7b2aff54160af9338f8d40df6d19"
dependencies = [
 "getrandom 0.1.16",
]

[[package]]
name = "rand_core"
version = "0.6.3"
source = "registry+https://github.com/rust-lang/crates.io-index"
checksum = "d34f1408f55294453790c48b2f1ebbb1c5b4b7563eb1f418bcfcfdbb06ebb4e7"
dependencies = [
 "getrandom 0.2.3",
]

[[package]]
name = "rfc6979"
version = "0.1.0"
source = "registry+https://github.com/rust-lang/crates.io-index"
checksum = "96ef608575f6392792f9ecf7890c00086591d29a83910939d430753f7c050525"
dependencies = [
 "crypto-bigint",
 "hmac",
 "zeroize",
]

[[package]]
name = "ryu"
version = "1.0.5"
source = "registry+https://github.com/rust-lang/crates.io-index"
checksum = "71d301d4193d031abdd79ff7e3dd721168a9572ef3fe51a1517aba235bd8f86e"

[[package]]
name = "schemars"
version = "0.8.10"
source = "registry+https://github.com/rust-lang/crates.io-index"
checksum = "1847b767a3d62d95cbf3d8a9f0e421cf57a0d8aa4f411d4b16525afb0284d4ed"
dependencies = [
 "dyn-clone",
 "schemars_derive",
 "serde",
 "serde_json",
]

[[package]]
name = "schemars_derive"
version = "0.8.10"
source = "registry+https://github.com/rust-lang/crates.io-index"
checksum = "af4d7e1b012cb3d9129567661a63755ea4b8a7386d339dc945ae187e403c6743"
dependencies = [
 "proc-macro2",
 "quote",
 "serde_derive_internals",
 "syn",
]

[[package]]
name = "sec1"
version = "0.2.1"
source = "registry+https://github.com/rust-lang/crates.io-index"
checksum = "08da66b8b0965a5555b6bd6639e68ccba85e1e2506f5fbb089e93f8a04e1a2d1"
dependencies = [
 "der",
 "generic-array",
 "pkcs8",
 "subtle",
 "zeroize",
]

[[package]]
name = "serde"
version = "1.0.116"
source = "registry+https://github.com/rust-lang/crates.io-index"
checksum = "96fe57af81d28386a513cbc6858332abc6117cfdb5999647c6444b8f43a370a5"
dependencies = [
 "serde_derive",
]

[[package]]
name = "serde-json-wasm"
version = "0.4.1"
source = "registry+https://github.com/rust-lang/crates.io-index"
checksum = "479b4dbc401ca13ee8ce902851b834893251404c4f3c65370a49e047a6be09a5"
dependencies = [
 "serde",
]

[[package]]
name = "serde_derive"
version = "1.0.116"
source = "registry+https://github.com/rust-lang/crates.io-index"
checksum = "f630a6370fd8e457873b4bd2ffdae75408bc291ba72be773772a4c2a065d9ae8"
dependencies = [
 "proc-macro2",
 "quote",
 "syn",
]

[[package]]
name = "serde_derive_internals"
version = "0.26.0"
source = "registry+https://github.com/rust-lang/crates.io-index"
checksum = "85bf8229e7920a9f636479437026331ce11aa132b4dde37d121944a44d6e5f3c"
dependencies = [
 "proc-macro2",
 "quote",
 "syn",
]

[[package]]
name = "serde_json"
version = "1.0.58"
source = "registry+https://github.com/rust-lang/crates.io-index"
checksum = "a230ea9107ca2220eea9d46de97eddcb04cd00e92d13dda78e478dd33fa82bd4"
dependencies = [
 "itoa",
 "ryu",
 "serde",
]

[[package]]
name = "sha2"
version = "0.9.1"
source = "registry+https://github.com/rust-lang/crates.io-index"
checksum = "2933378ddfeda7ea26f48c555bdad8bb446bf8a3d17832dc83e380d444cfb8c1"
dependencies = [
 "block-buffer",
 "cfg-if 0.1.10",
 "cpuid-bool",
 "digest",
 "opaque-debug",
]

[[package]]
name = "signature"
version = "1.3.1"
source = "registry+https://github.com/rust-lang/crates.io-index"
checksum = "c19772be3c4dd2ceaacf03cb41d5885f2a02c4d8804884918e3a258480803335"
dependencies = [
 "digest",
 "rand_core 0.6.3",
]

[[package]]
name = "spki"
version = "0.5.4"
source = "registry+https://github.com/rust-lang/crates.io-index"
checksum = "44d01ac02a6ccf3e07db148d2be087da624fea0221a16152ed01f0496a6b0a27"
dependencies = [
 "base64ct",
 "der",
]

[[package]]
name = "static_assertions"
version = "1.1.0"
source = "registry+https://github.com/rust-lang/crates.io-index"
checksum = "a2eb9349b6444b326872e140eb1cf5e7c522154d69e7a0ffb0fb81c06b37543f"

[[package]]
name = "subtle"
version = "2.4.0"
source = "registry+https://github.com/rust-lang/crates.io-index"
checksum = "1e81da0851ada1f3e9d4312c704aa4f8806f0f9d69faaf8df2f3464b4a9437c2"

[[package]]
name = "syn"
version = "1.0.67"
source = "registry+https://github.com/rust-lang/crates.io-index"
checksum = "6498a9efc342871f91cc2d0d694c674368b4ceb40f62b65a7a08c3792935e702"
dependencies = [
 "proc-macro2",
 "quote",
 "unicode-xid",
]

[[package]]
name = "terraswap"
version = "2.8.0"
dependencies = [
 "cosmwasm-schema",
 "cosmwasm-std",
 "cosmwasm-storage",
 "cw20",
 "protobuf",
 "schemars",
 "serde",
]

[[package]]
name = "terraswap-factory"
version = "0.1.0"
dependencies = [
 "cosmwasm-schema",
 "cosmwasm-std",
 "cosmwasm-storage",
 "cw-storage-plus",
 "cw2",
 "cw20",
 "protobuf",
 "schemars",
 "serde",
 "terraswap",
]

[[package]]
name = "terraswap-pair"
version = "0.1.0"
dependencies = [
 "cosmwasm-schema",
 "cosmwasm-std",
 "cosmwasm-storage",
 "cw-storage-plus",
 "cw2",
 "cw20",
 "integer-sqrt",
 "protobuf",
 "schemars",
 "serde",
 "terraswap",
 "thiserror",
]

[[package]]
name = "terraswap-router"
version = "0.1.0"
dependencies = [
 "cosmwasm-schema",
 "cosmwasm-std",
 "cosmwasm-storage",
 "cw-storage-plus",
 "cw2",
 "cw20",
 "integer-sqrt",
 "schemars",
 "serde",
 "terraswap",
]

[[package]]
name = "terraswap-token"
version = "0.0.0"
dependencies = [
 "cosmwasm-schema",
 "cosmwasm-std",
 "cosmwasm-storage",
 "cw-storage-plus",
 "cw0",
 "cw2",
 "cw20",
 "cw20-base",
 "schemars",
 "serde",
 "terraswap",
 "thiserror",
]

[[package]]
name = "thiserror"
version = "1.0.24"
source = "registry+https://github.com/rust-lang/crates.io-index"
checksum = "e0f4a65597094d4483ddaed134f409b2cb7c1beccf25201a9f73c719254fa98e"
dependencies = [
 "thiserror-impl",
]

[[package]]
name = "thiserror-impl"
version = "1.0.24"
source = "registry+https://github.com/rust-lang/crates.io-index"
checksum = "7765189610d8241a44529806d6fd1f2e0a08734313a35d5b3a556f92b381f3c0"
dependencies = [
 "proc-macro2",
 "quote",
 "syn",
]

[[package]]
name = "typenum"
version = "1.12.0"
source = "registry+https://github.com/rust-lang/crates.io-index"
checksum = "373c8a200f9e67a0c95e62a4f52fbf80c23b4381c05a17845531982fa99e6b33"

[[package]]
name = "uint"
version = "0.9.3"
source = "registry+https://github.com/rust-lang/crates.io-index"
checksum = "12f03af7ccf01dd611cc450a0d10dbc9b745770d096473e2faf0ca6e2d66d1e0"
dependencies = [
 "byteorder",
 "crunchy",
 "hex",
 "static_assertions",
]

[[package]]
name = "unicode-xid"
version = "0.2.1"
source = "registry+https://github.com/rust-lang/crates.io-index"
checksum = "f7fe0bb3479651439c9112f72b6c505038574c9fbb575ed1bf3b797fa39dd564"

[[package]]
name = "version_check"
version = "0.9.2"
source = "registry+https://github.com/rust-lang/crates.io-index"
checksum = "b5a972e5669d67ba988ce3dc826706fb0a8b01471c088cb0b6110b805cc36aed"

[[package]]
name = "wasi"
version = "0.9.0+wasi-snapshot-preview1"
source = "registry+https://github.com/rust-lang/crates.io-index"
checksum = "cccddf32554fecc6acb585f82a32a72e28b48f8c4c1883ddfeeeaa96f7d8e519"

[[package]]
name = "wasi"
version = "0.10.2+wasi-snapshot-preview1"
source = "registry+https://github.com/rust-lang/crates.io-index"
checksum = "fd6fbd9a79829dd1ad0cc20627bf1ed606756a7f77edff7b66b7064f9cb327c6"

[[package]]
name = "zeroize"
version = "1.4.1"
source = "registry+https://github.com/rust-lang/crates.io-index"
checksum = "377db0846015f7ae377174787dd452e1c5f5a9050bc6f954911d01f116daa0cd"
